
Microsoft Visual Studio Solution File, Format Version 12.00
# Visual Studio Version 16
VisualStudioVersion = 16.0.31729.503
MinimumVisualStudioVersion = 10.0.40219.1
Project("{FAE04EC0-301F-11D3-BF4B-00C04F79EFBC}") = "BlazorAppBeers", "BlazorAppBeers\BlazorAppBeers.csproj", "{CA4D2D12-AFB1-4113-9CF9-8D38975DB77D}"
EndProject
Global
	GlobalSection(SolutionConfigurationPlatforms) = preSolution
		Debug|Any CPU = Debug|Any CPU
		Release|Any CPU = Release|Any CPU
	EndGlobalSection
	GlobalSection(ProjectConfigurationPlatforms) = postSolution
		{CA4D2D12-AFB1-4113-9CF9-8D38975DB77D}.Debug|Any CPU.ActiveCfg = Debug|Any CPU
		{CA4D2D12-AFB1-4113-9CF9-8D38975DB77D}.Debug|Any CPU.Build.0 = Debug|Any CPU
		{CA4D2D12-AFB1-4113-9CF9-8D38975DB77D}.Release|Any CPU.ActiveCfg = Release|Any CPU
		{CA4D2D12-AFB1-4113-9CF9-8D38975DB77D}.Release|Any CPU.Build.0 = Release|Any CPU
	EndGlobalSection
	GlobalSection(SolutionProperties) = preSolution
		HideSolutionNode = FALSE
	EndGlobalSection
	GlobalSection(ExtensibilityGlobals) = postSolution
		SolutionGuid = {3AA16C00-8DCF-49B9-8288-731FCA8C7E4E}
	EndGlobalSection
EndGlobal
