
Microsoft Visual Studio Solution File, Format Version 12.00
# Visual Studio Version 16
VisualStudioVersion = 16.0.31729.503
MinimumVisualStudioVersion = 10.0.40219.1
Project("{FAE04EC0-301F-11D3-BF4B-00C04F79EFBC}") = "WebServiceBeers", "WebServiceBeers\WebServiceBeers.csproj", "{2121D69A-D513-4E07-B67C-53FA183FC936}"
EndProject
Global
	GlobalSection(SolutionConfigurationPlatforms) = preSolution
		Debug|Any CPU = Debug|Any CPU
		Release|Any CPU = Release|Any CPU
	EndGlobalSection
	GlobalSection(ProjectConfigurationPlatforms) = postSolution
		{2121D69A-D513-4E07-B67C-53FA183FC936}.Debug|Any CPU.ActiveCfg = Debug|Any CPU
		{2121D69A-D513-4E07-B67C-53FA183FC936}.Debug|Any CPU.Build.0 = Debug|Any CPU
		{2121D69A-D513-4E07-B67C-53FA183FC936}.Release|Any CPU.ActiveCfg = Release|Any CPU
		{2121D69A-D513-4E07-B67C-53FA183FC936}.Release|Any CPU.Build.0 = Release|Any CPU
	EndGlobalSection
	GlobalSection(SolutionProperties) = preSolution
		HideSolutionNode = FALSE
	EndGlobalSection
	GlobalSection(ExtensibilityGlobals) = postSolution
		SolutionGuid = {B1F3DB30-45ED-4023-8558-29598DC8ABD4}
	EndGlobalSection
EndGlobal
